
Microsoft Visual Studio Solution File, Format Version 12.00
# Visual Studio Version 17
VisualStudioVersion = 17.13.35818.85 d17.13
MinimumVisualStudioVersion = 10.0.40219.1
Project("{FAE04EC0-301F-11D3-BF4B-00C04F79EFBC}") = "Like_Lion_6_20250226", "Like_Lion_6_20250226\Like_Lion_6_20250226.csproj", "{F6B2D094-F524-4987-920D-B7E2C58592AB}"
EndProject
Global
	GlobalSection(SolutionConfigurationPlatforms) = preSolution
		Debug|Any CPU = Debug|Any CPU
		Release|Any CPU = Release|Any CPU
	EndGlobalSection
	GlobalSection(ProjectConfigurationPlatforms) = postSolution
		{F6B2D094-F524-4987-920D-B7E2C58592AB}.Debug|Any CPU.ActiveCfg = Debug|Any CPU
		{F6B2D094-F524-4987-920D-B7E2C58592AB}.Debug|Any CPU.Build.0 = Debug|Any CPU
		{F6B2D094-F524-4987-920D-B7E2C58592AB}.Release|Any CPU.ActiveCfg = Release|Any CPU
		{F6B2D094-F524-4987-920D-B7E2C58592AB}.Release|Any CPU.Build.0 = Release|Any CPU
	EndGlobalSection
	GlobalSection(SolutionProperties) = preSolution
		HideSolutionNode = FALSE
	EndGlobalSection
	GlobalSection(ExtensibilityGlobals) = postSolution
		SolutionGuid = {42E3E7D0-0E71-4DF2-A239-A6E2DF58F426}
	EndGlobalSection
EndGlobal
