
Microsoft Visual Studio Solution File, Format Version 12.00
# Visual Studio Version 17
VisualStudioVersion = 17.13.35818.85 d17.13
MinimumVisualStudioVersion = 10.0.40219.1
Project("{FAE04EC0-301F-11D3-BF4B-00C04F79EFBC}") = "Like_Lion_TextRpg_Test", "Like_Lion_TextRpg_Test\Like_Lion_TextRpg_Test.csproj", "{F9A46F1B-50FB-4B46-9A4A-C15F22AC4E7D}"
EndProject
Global
	GlobalSection(SolutionConfigurationPlatforms) = preSolution
		Debug|Any CPU = Debug|Any CPU
		Release|Any CPU = Release|Any CPU
	EndGlobalSection
	GlobalSection(ProjectConfigurationPlatforms) = postSolution
		{F9A46F1B-50FB-4B46-9A4A-C15F22AC4E7D}.Debug|Any CPU.ActiveCfg = Debug|Any CPU
		{F9A46F1B-50FB-4B46-9A4A-C15F22AC4E7D}.Debug|Any CPU.Build.0 = Debug|Any CPU
		{F9A46F1B-50FB-4B46-9A4A-C15F22AC4E7D}.Release|Any CPU.ActiveCfg = Release|Any CPU
		{F9A46F1B-50FB-4B46-9A4A-C15F22AC4E7D}.Release|Any CPU.Build.0 = Release|Any CPU
	EndGlobalSection
	GlobalSection(SolutionProperties) = preSolution
		HideSolutionNode = FALSE
	EndGlobalSection
	GlobalSection(ExtensibilityGlobals) = postSolution
		SolutionGuid = {5F794A12-2569-44DA-9CD0-B1761B3E6174}
	EndGlobalSection
EndGlobal
