
Microsoft Visual Studio Solution File, Format Version 12.00
# Visual Studio Version 17
VisualStudioVersion = 17.13.35818.85 d17.13
MinimumVisualStudioVersion = 10.0.40219.1
Project("{FAE04EC0-301F-11D3-BF4B-00C04F79EFBC}") = "Like_Lion_14_20250305", "Like_Lion_14_20250305\Like_Lion_14_20250305.csproj", "{2EAD7689-8B97-4202-A9BA-111311406E72}"
EndProject
Global
	GlobalSection(SolutionConfigurationPlatforms) = preSolution
		Debug|Any CPU = Debug|Any CPU
		Release|Any CPU = Release|Any CPU
	EndGlobalSection
	GlobalSection(ProjectConfigurationPlatforms) = postSolution
		{2EAD7689-8B97-4202-A9BA-111311406E72}.Debug|Any CPU.ActiveCfg = Debug|Any CPU
		{2EAD7689-8B97-4202-A9BA-111311406E72}.Debug|Any CPU.Build.0 = Debug|Any CPU
		{2EAD7689-8B97-4202-A9BA-111311406E72}.Release|Any CPU.ActiveCfg = Release|Any CPU
		{2EAD7689-8B97-4202-A9BA-111311406E72}.Release|Any CPU.Build.0 = Release|Any CPU
	EndGlobalSection
	GlobalSection(SolutionProperties) = preSolution
		HideSolutionNode = FALSE
	EndGlobalSection
	GlobalSection(ExtensibilityGlobals) = postSolution
		SolutionGuid = {854175DA-1F41-444E-95DE-FCA2140C0D09}
	EndGlobalSection
EndGlobal
