
Microsoft Visual Studio Solution File, Format Version 12.00
# Visual Studio Version 17
VisualStudioVersion = 17.13.35818.85 d17.13
MinimumVisualStudioVersion = 10.0.40219.1
Project("{FAE04EC0-301F-11D3-BF4B-00C04F79EFBC}") = "Like_Lion_My_Console_Game", "Like_Lion_My_Console_Game\Like_Lion_My_Console_Game.csproj", "{7ACF39DF-F259-42D9-9B57-16A87A7A1CB6}"
EndProject
Global
	GlobalSection(SolutionConfigurationPlatforms) = preSolution
		Debug|Any CPU = Debug|Any CPU
		Release|Any CPU = Release|Any CPU
	EndGlobalSection
	GlobalSection(ProjectConfigurationPlatforms) = postSolution
		{7ACF39DF-F259-42D9-9B57-16A87A7A1CB6}.Debug|Any CPU.ActiveCfg = Debug|Any CPU
		{7ACF39DF-F259-42D9-9B57-16A87A7A1CB6}.Debug|Any CPU.Build.0 = Debug|Any CPU
		{7ACF39DF-F259-42D9-9B57-16A87A7A1CB6}.Release|Any CPU.ActiveCfg = Release|Any CPU
		{7ACF39DF-F259-42D9-9B57-16A87A7A1CB6}.Release|Any CPU.Build.0 = Release|Any CPU
	EndGlobalSection
	GlobalSection(SolutionProperties) = preSolution
		HideSolutionNode = FALSE
	EndGlobalSection
	GlobalSection(ExtensibilityGlobals) = postSolution
		SolutionGuid = {749896B9-C539-4409-9D91-E768A36CCEA0}
	EndGlobalSection
EndGlobal
