
Microsoft Visual Studio Solution File, Format Version 12.00
# Visual Studio Version 17
VisualStudioVersion = 17.13.35818.85 d17.13
MinimumVisualStudioVersion = 10.0.40219.1
Project("{FAE04EC0-301F-11D3-BF4B-00C04F79EFBC}") = "BrickGame", "BrickGame\BrickGame.csproj", "{EFEF706D-564A-4EEB-84F7-0D06D17A9103}"
EndProject
Global
	GlobalSection(SolutionConfigurationPlatforms) = preSolution
		Debug|Any CPU = Debug|Any CPU
		Release|Any CPU = Release|Any CPU
	EndGlobalSection
	GlobalSection(ProjectConfigurationPlatforms) = postSolution
		{EFEF706D-564A-4EEB-84F7-0D06D17A9103}.Debug|Any CPU.ActiveCfg = Debug|Any CPU
		{EFEF706D-564A-4EEB-84F7-0D06D17A9103}.Debug|Any CPU.Build.0 = Debug|Any CPU
		{EFEF706D-564A-4EEB-84F7-0D06D17A9103}.Release|Any CPU.ActiveCfg = Release|Any CPU
		{EFEF706D-564A-4EEB-84F7-0D06D17A9103}.Release|Any CPU.Build.0 = Release|Any CPU
	EndGlobalSection
	GlobalSection(SolutionProperties) = preSolution
		HideSolutionNode = FALSE
	EndGlobalSection
	GlobalSection(ExtensibilityGlobals) = postSolution
		SolutionGuid = {721290A0-7DCF-4E13-A635-4917596ED6E8}
	EndGlobalSection
EndGlobal
