
Microsoft Visual Studio Solution File, Format Version 12.00
# Visual Studio Version 17
VisualStudioVersion = 17.13.35818.85 d17.13
MinimumVisualStudioVersion = 10.0.40219.1
Project("{FAE04EC0-301F-11D3-BF4B-00C04F79EFBC}") = "Like_Lion_15_20250305", "Like_Lion_15_20250305\Like_Lion_15_20250305.csproj", "{03859F47-E2CB-429D-B191-A8439088EE12}"
EndProject
Global
	GlobalSection(SolutionConfigurationPlatforms) = preSolution
		Debug|Any CPU = Debug|Any CPU
		Release|Any CPU = Release|Any CPU
	EndGlobalSection
	GlobalSection(ProjectConfigurationPlatforms) = postSolution
		{03859F47-E2CB-429D-B191-A8439088EE12}.Debug|Any CPU.ActiveCfg = Debug|Any CPU
		{03859F47-E2CB-429D-B191-A8439088EE12}.Debug|Any CPU.Build.0 = Debug|Any CPU
		{03859F47-E2CB-429D-B191-A8439088EE12}.Release|Any CPU.ActiveCfg = Release|Any CPU
		{03859F47-E2CB-429D-B191-A8439088EE12}.Release|Any CPU.Build.0 = Release|Any CPU
	EndGlobalSection
	GlobalSection(SolutionProperties) = preSolution
		HideSolutionNode = FALSE
	EndGlobalSection
	GlobalSection(ExtensibilityGlobals) = postSolution
		SolutionGuid = {6A1E83A3-F7FA-4277-952D-A0A107183B7C}
	EndGlobalSection
EndGlobal
