
Microsoft Visual Studio Solution File, Format Version 12.00
# Visual Studio Version 17
VisualStudioVersion = 17.13.35818.85 d17.13
MinimumVisualStudioVersion = 10.0.40219.1
Project("{FAE04EC0-301F-11D3-BF4B-00C04F79EFBC}") = "Like_Lion", "Like_Lion\Like_Lion.csproj", "{A98AA98E-0411-4370-8593-A10B10B577D9}"
EndProject
Global
	GlobalSection(SolutionConfigurationPlatforms) = preSolution
		Debug|Any CPU = Debug|Any CPU
		Release|Any CPU = Release|Any CPU
	EndGlobalSection
	GlobalSection(ProjectConfigurationPlatforms) = postSolution
		{A98AA98E-0411-4370-8593-A10B10B577D9}.Debug|Any CPU.ActiveCfg = Debug|Any CPU
		{A98AA98E-0411-4370-8593-A10B10B577D9}.Debug|Any CPU.Build.0 = Debug|Any CPU
		{A98AA98E-0411-4370-8593-A10B10B577D9}.Release|Any CPU.ActiveCfg = Release|Any CPU
		{A98AA98E-0411-4370-8593-A10B10B577D9}.Release|Any CPU.Build.0 = Release|Any CPU
	EndGlobalSection
	GlobalSection(SolutionProperties) = preSolution
		HideSolutionNode = FALSE
	EndGlobalSection
	GlobalSection(ExtensibilityGlobals) = postSolution
		SolutionGuid = {4C6E5B87-DA00-4F7D-AF71-6BBBDE185D03}
	EndGlobalSection
EndGlobal
